dependencies:
- name: postgresql
  repository: oci://registry-1.docker.io/bitnamicharts
  version: 15.5.2
- name: redis
  repository: oci://registry-1.docker.io/bitnamicharts
  version: 19.5.1
- name: minio
  repository: oci://registry-1.docker.io/bitnamicharts
  version: 14.6.5
digest: sha256:18f53bc30334011dc770e6c94273bcde5788b740287bb290f4e6ac2611e0f5e9
generated: "2024-06-07T09:51:19.412735655+02:00"
