dependencies:
- name: postgresql
  repository: oci://registry-1.docker.io/bitnamicharts
  version: 15.5.38
- name: redis
  repository: oci://registry-1.docker.io/bitnamicharts
  version: 20.1.7
- name: minio
  repository: oci://registry-1.docker.io/bitnamicharts
  version: 14.7.15
- name: rabbitmq
  repository: oci://registry-1.docker.io/bitnamicharts
  version: 15.0.1
digest: sha256:cdaa89a181e9834bcd5cee6e83c4b1acb26dd7c3f817e1aaacced982742ae57b
generated: "2024-10-07T17:03:54.929447919+02:00"
